
Microsoft Visual Studio Solution File, Format Version 12.00
# Visual Studio Version 17
VisualStudioVersion = 17.9.34701.34
MinimumVisualStudioVersion = 10.0.40219.1
Project("{FAE04EC0-301F-11D3-BF4B-00C04F79EFBC}") = "Mensch_Aergere_Dich_Nicht", "Mensch_Aergere_Dich_Nicht\Mensch_Aergere_Dich_Nicht.csproj", "{65809763-3F44-4B73-B1B6-B0F5BEFF33AB}"
EndProject
Global
	GlobalSection(SolutionConfigurationPlatforms) = preSolution
		Debug|Any CPU = Debug|Any CPU
		Release|Any CPU = Release|Any CPU
	EndGlobalSection
	GlobalSection(ProjectConfigurationPlatforms) = postSolution
		{65809763-3F44-4B73-B1B6-B0F5BEFF33AB}.Debug|Any CPU.ActiveCfg = Debug|Any CPU
		{65809763-3F44-4B73-B1B6-B0F5BEFF33AB}.Debug|Any CPU.Build.0 = Debug|Any CPU
		{65809763-3F44-4B73-B1B6-B0F5BEFF33AB}.Release|Any CPU.ActiveCfg = Release|Any CPU
		{65809763-3F44-4B73-B1B6-B0F5BEFF33AB}.Release|Any CPU.Build.0 = Release|Any CPU
	EndGlobalSection
	GlobalSection(SolutionProperties) = preSolution
		HideSolutionNode = FALSE
	EndGlobalSection
	GlobalSection(ExtensibilityGlobals) = postSolution
		SolutionGuid = {9860F880-51BB-4BCA-822B-B2055441FBE1}
	EndGlobalSection
EndGlobal
